{
  "name": "vwf",
  "version": "0.0.0",
  "dependencies": {
    "crypto": {
      "version": "0.0.3",
      "from": "crypto@0.0.x"
    },
    "socket.io": {
      "version": "0.9.16",
      "from": "socket.io@0.9.x",
      "dependencies": {
        "socket.io-client": {
          "version": "0.9.16",
          "from": "socket.io-client@0.9.16",
          "dependencies": {
            "uglify-js": {
              "version": "1.2.5",
              "from": "uglify-js@1.2.5"
            },
            "ws": {
              "version": "0.4.31",
              "from": "ws@0.4.x",
              "dependencies": {
                "commander": {
                  "version": "0.6.1",
                  "from": "commander@~0.6.1"
                },
                "nan": {
                  "version": "0.3.2",
                  "from": "nan@~0.3.0"
                },
                "tinycolor": {
                  "version": "0.0.1",
                  "from": "tinycolor@0.x"
                },
                "options": {
                  "version": "0.0.5",
                  "from": "options@>=0.0.5"
                }
              }
            },
            "xmlhttprequest": {
              "version": "1.4.2",
              "from": "xmlhttprequest@1.4.2"
            },
            "active-x-obfuscator": {
              "version": "0.0.1",
              "from": "active-x-obfuscator@0.0.1",
              "dependencies": {
                "zeparser": {
                  "version": "0.0.5",
                  "from": "zeparser@0.0.5"
                }
              }
            }
          }
        },
        "policyfile": {
          "version": "0.0.4",
          "from": "policyfile@0.0.4"
        },
        "base64id": {
          "version": "0.1.0",
          "from": "base64id@0.1.0"
        },
        "redis": {
          "version": "0.7.3",
          "from": "redis@0.7.3",
          "resolved": "http://registry.npmjs.org/redis/-/redis-0.7.3.tgz"
        }
      }
    },
    "async": {
      "version": "0.2.9",
      "from": "async@0.2.x"
    },
    "mime": {
      "version": "1.2.11",
      "from": "mime@1.2.x"
    },
    "js-yaml": {
      "version": "2.1.3",
      "from": "js-yaml@2.1.x",
      "dependencies": {
        "argparse": {
          "version": "0.1.15",
          "from": "argparse@~ 0.1.11",
          "dependencies": {
            "underscore": {
              "version": "1.4.4",
              "from": "underscore@~1.4.3"
            },
            "underscore.string": {
              "version": "2.3.3",
              "from": "underscore.string@~2.3.1"
            }
          }
        },
        "esprima": {
          "version": "1.0.4",
          "from": "esprima@~ 1.0.2"
        }
      }
    },
    "optimist": {
      "version": "0.6.0",
      "from": "optimist@0.6.x",
      "dependencies": {
        "wordwrap": {
          "version": "0.0.2",
          "from": "wordwrap@~0.0.2"
        },
        "minimist": {
          "version": "0.0.5",
          "from": "minimist@~0.0.1"
        }
      }
    }
  }
}
