{
  "name": "vwf",
  "version": "0.0.0",
  "dependencies": {
    "async": {
      "version": "0.2.10",
      "from": "async@0.2.10",
      "resolved": "https://registry.npmjs.org/async/-/async-0.2.10.tgz"
    },
    "crypto": {
      "version": "0.0.3",
      "from": "crypto@>=0.0.0 <0.1.0",
      "resolved": "https://registry.npmjs.org/crypto/-/crypto-0.0.3.tgz"
    },
    "express": {
      "version": "4.13.3",
      "from": "express@>=4.13.3 <5.0.0",
      "resolved": "https://registry.npmjs.org/express/-/express-4.13.3.tgz",
      "dependencies": {
        "accepts": {
          "version": "1.2.13",
          "from": "accepts@>=1.2.12 <1.3.0",
          "resolved": "https://registry.npmjs.org/accepts/-/accepts-1.2.13.tgz",
          "dependencies": {
            "mime-types": {
              "version": "2.1.7",
              "from": "mime-types@>=2.1.7 <2.2.0",
              "resolved": "https://registry.npmjs.org/mime-types/-/mime-types-2.1.7.tgz",
              "dependencies": {
                "mime-db": {
                  "version": "1.19.0",
                  "from": "mime-db@>=1.19.0 <1.20.0",
                  "resolved": "https://registry.npmjs.org/mime-db/-/mime-db-1.19.0.tgz"
                }
              }
            },
            "negotiator": {
              "version": "0.5.3",
              "from": "negotiator@0.5.3",
              "resolved": "https://registry.npmjs.org/negotiator/-/negotiator-0.5.3.tgz"
            }
          }
        },
        "array-flatten": {
          "version": "1.1.1",
          "from": "array-flatten@1.1.1",
          "resolved": "https://registry.npmjs.org/array-flatten/-/array-flatten-1.1.1.tgz"
        },
        "content-disposition": {
          "version": "0.5.0",
          "from": "content-disposition@0.5.0",
          "resolved": "https://registry.npmjs.org/content-disposition/-/content-disposition-0.5.0.tgz"
        },
        "content-type": {
          "version": "1.0.1",
          "from": "content-type@>=1.0.1 <1.1.0",
          "resolved": "https://registry.npmjs.org/content-type/-/content-type-1.0.1.tgz"
        },
        "cookie": {
          "version": "0.1.3",
          "from": "cookie@0.1.3",
          "resolved": "https://registry.npmjs.org/cookie/-/cookie-0.1.3.tgz"
        },
        "cookie-signature": {
          "version": "1.0.6",
          "from": "cookie-signature@1.0.6",
          "resolved": "https://registry.npmjs.org/cookie-signature/-/cookie-signature-1.0.6.tgz"
        },
        "debug": {
          "version": "2.2.0",
          "from": "debug@>=2.2.0 <2.3.0",
          "resolved": "https://registry.npmjs.org/debug/-/debug-2.2.0.tgz",
          "dependencies": {
            "ms": {
              "version": "0.7.1",
              "from": "ms@0.7.1",
              "resolved": "https://registry.npmjs.org/ms/-/ms-0.7.1.tgz"
            }
          }
        },
        "depd": {
          "version": "1.0.1",
          "from": "depd@>=1.0.1 <1.1.0",
          "resolved": "https://registry.npmjs.org/depd/-/depd-1.0.1.tgz"
        },
        "escape-html": {
          "version": "1.0.2",
          "from": "escape-html@1.0.2",
          "resolved": "https://registry.npmjs.org/escape-html/-/escape-html-1.0.2.tgz"
        },
        "etag": {
          "version": "1.7.0",
          "from": "etag@>=1.7.0 <1.8.0",
          "resolved": "https://registry.npmjs.org/etag/-/etag-1.7.0.tgz"
        },
        "finalhandler": {
          "version": "0.4.0",
          "from": "finalhandler@0.4.0",
          "resolved": "https://registry.npmjs.org/finalhandler/-/finalhandler-0.4.0.tgz",
          "dependencies": {
            "unpipe": {
              "version": "1.0.0",
              "from": "unpipe@1.0.0",
              "resolved": "https://registry.npmjs.org/unpipe/-/unpipe-1.0.0.tgz"
            }
          }
        },
        "fresh": {
          "version": "0.3.0",
          "from": "fresh@0.3.0",
          "resolved": "https://registry.npmjs.org/fresh/-/fresh-0.3.0.tgz"
        },
        "merge-descriptors": {
          "version": "1.0.0",
          "from": "merge-descriptors@1.0.0",
          "resolved": "https://registry.npmjs.org/merge-descriptors/-/merge-descriptors-1.0.0.tgz"
        },
        "methods": {
          "version": "1.1.1",
          "from": "methods@>=1.1.1 <1.2.0",
          "resolved": "https://registry.npmjs.org/methods/-/methods-1.1.1.tgz"
        },
        "on-finished": {
          "version": "2.3.0",
          "from": "on-finished@>=2.3.0 <2.4.0",
          "resolved": "https://registry.npmjs.org/on-finished/-/on-finished-2.3.0.tgz",
          "dependencies": {
            "ee-first": {
              "version": "1.1.1",
              "from": "ee-first@1.1.1",
              "resolved": "https://registry.npmjs.org/ee-first/-/ee-first-1.1.1.tgz"
            }
          }
        },
        "parseurl": {
          "version": "1.3.0",
          "from": "parseurl@>=1.3.0 <1.4.0",
          "resolved": "https://registry.npmjs.org/parseurl/-/parseurl-1.3.0.tgz"
        },
        "path-to-regexp": {
          "version": "0.1.7",
          "from": "path-to-regexp@0.1.7",
          "resolved": "https://registry.npmjs.org/path-to-regexp/-/path-to-regexp-0.1.7.tgz"
        },
        "proxy-addr": {
          "version": "1.0.8",
          "from": "proxy-addr@>=1.0.8 <1.1.0",
          "resolved": "https://registry.npmjs.org/proxy-addr/-/proxy-addr-1.0.8.tgz",
          "dependencies": {
            "forwarded": {
              "version": "0.1.0",
              "from": "forwarded@>=0.1.0 <0.2.0",
              "resolved": "https://registry.npmjs.org/forwarded/-/forwarded-0.1.0.tgz"
            },
            "ipaddr.js": {
              "version": "1.0.1",
              "from": "ipaddr.js@1.0.1",
              "resolved": "https://registry.npmjs.org/ipaddr.js/-/ipaddr.js-1.0.1.tgz"
            }
          }
        },
        "qs": {
          "version": "4.0.0",
          "from": "qs@4.0.0",
          "resolved": "https://registry.npmjs.org/qs/-/qs-4.0.0.tgz"
        },
        "range-parser": {
          "version": "1.0.3",
          "from": "range-parser@>=1.0.2 <1.1.0",
          "resolved": "https://registry.npmjs.org/range-parser/-/range-parser-1.0.3.tgz"
        },
        "send": {
          "version": "0.13.0",
          "from": "send@0.13.0",
          "resolved": "https://registry.npmjs.org/send/-/send-0.13.0.tgz",
          "dependencies": {
            "destroy": {
              "version": "1.0.3",
              "from": "destroy@1.0.3",
              "resolved": "https://registry.npmjs.org/destroy/-/destroy-1.0.3.tgz"
            },
            "http-errors": {
              "version": "1.3.1",
              "from": "http-errors@>=1.3.1 <1.4.0",
              "resolved": "https://registry.npmjs.org/http-errors/-/http-errors-1.3.1.tgz",
              "dependencies": {
                "inherits": {
                  "version": "2.0.1",
                  "from": "inherits@>=2.0.1 <2.1.0",
                  "resolved": "https://registry.npmjs.org/inherits/-/inherits-2.0.1.tgz"
                }
              }
            },
            "mime": {
              "version": "1.3.4",
              "from": "mime@1.3.4",
              "resolved": "https://registry.npmjs.org/mime/-/mime-1.3.4.tgz"
            },
            "ms": {
              "version": "0.7.1",
              "from": "ms@0.7.1",
              "resolved": "https://registry.npmjs.org/ms/-/ms-0.7.1.tgz"
            },
            "statuses": {
              "version": "1.2.1",
              "from": "statuses@>=1.0.0 <2.0.0",
              "resolved": "https://registry.npmjs.org/statuses/-/statuses-1.2.1.tgz"
            }
          }
        },
        "serve-static": {
          "version": "1.10.0",
          "from": "serve-static@>=1.10.0 <1.11.0",
          "resolved": "https://registry.npmjs.org/serve-static/-/serve-static-1.10.0.tgz"
        },
        "type-is": {
          "version": "1.6.9",
          "from": "type-is@>=1.6.6 <1.7.0",
          "resolved": "https://registry.npmjs.org/type-is/-/type-is-1.6.9.tgz",
          "dependencies": {
            "media-typer": {
              "version": "0.3.0",
              "from": "media-typer@0.3.0",
              "resolved": "https://registry.npmjs.org/media-typer/-/media-typer-0.3.0.tgz"
            },
            "mime-types": {
              "version": "2.1.7",
              "from": "mime-types@>=2.1.7 <2.2.0",
              "resolved": "https://registry.npmjs.org/mime-types/-/mime-types-2.1.7.tgz",
              "dependencies": {
                "mime-db": {
                  "version": "1.19.0",
                  "from": "mime-db@>=1.19.0 <1.20.0",
                  "resolved": "https://registry.npmjs.org/mime-db/-/mime-db-1.19.0.tgz"
                }
              }
            }
          }
        },
        "utils-merge": {
          "version": "1.0.0",
          "from": "utils-merge@1.0.0",
          "resolved": "https://registry.npmjs.org/utils-merge/-/utils-merge-1.0.0.tgz"
        },
        "vary": {
          "version": "1.0.1",
          "from": "vary@>=1.0.1 <1.1.0",
          "resolved": "https://registry.npmjs.org/vary/-/vary-1.0.1.tgz"
        }
      }
    },
    "formidable": {
      "version": "1.0.17",
      "from": "formidable@1.0.17",
      "resolved": "http://registry.npmjs.org/formidable/-/formidable-1.0.17.tgz"
    },
    "fs-extra": {
      "version": "0.8.1",
      "from": "fs-extra@>=0.8.0 <0.9.0",
      "resolved": "https://registry.npmjs.org/fs-extra/-/fs-extra-0.8.1.tgz",
      "dependencies": {
        "ncp": {
          "version": "0.4.2",
          "from": "ncp@>=0.4.2 <0.5.0",
          "resolved": "https://registry.npmjs.org/ncp/-/ncp-0.4.2.tgz"
        },
        "mkdirp": {
          "version": "0.3.5",
          "from": "mkdirp@>=0.3.0 <0.4.0",
          "resolved": "https://registry.npmjs.org/mkdirp/-/mkdirp-0.3.5.tgz"
        },
        "jsonfile": {
          "version": "1.1.1",
          "from": "jsonfile@>=1.1.0 <1.2.0",
          "resolved": "https://registry.npmjs.org/jsonfile/-/jsonfile-1.1.1.tgz"
        },
        "rimraf": {
          "version": "2.2.8",
          "from": "rimraf@>=2.2.0 <2.3.0",
          "resolved": "https://registry.npmjs.org/rimraf/-/rimraf-2.2.8.tgz"
        }
      }
    },
    "glob": {
      "version": "5.0.15",
      "from": "glob@>=5.0.15 <6.0.0",
      "resolved": "https://registry.npmjs.org/glob/-/glob-5.0.15.tgz",
      "dependencies": {
        "inflight": {
          "version": "1.0.4",
          "from": "inflight@>=1.0.4 <2.0.0",
          "resolved": "https://registry.npmjs.org/inflight/-/inflight-1.0.4.tgz",
          "dependencies": {
            "wrappy": {
              "version": "1.0.1",
              "from": "wrappy@>=1.0.0 <2.0.0",
              "resolved": "https://registry.npmjs.org/wrappy/-/wrappy-1.0.1.tgz"
            }
          }
        },
        "inherits": {
          "version": "2.0.1",
          "from": "inherits@>=2.0.0 <3.0.0",
          "resolved": "https://registry.npmjs.org/inherits/-/inherits-2.0.1.tgz"
        },
        "minimatch": {
          "version": "3.0.0",
          "from": "minimatch@>=2.0.0 <3.0.0||>=3.0.0 <4.0.0",
          "resolved": "https://registry.npmjs.org/minimatch/-/minimatch-3.0.0.tgz",
          "dependencies": {
            "brace-expansion": {
              "version": "1.1.1",
              "from": "brace-expansion@>=1.0.0 <2.0.0",
              "resolved": "https://registry.npmjs.org/brace-expansion/-/brace-expansion-1.1.1.tgz",
              "dependencies": {
                "balanced-match": {
                  "version": "0.2.1",
                  "from": "balanced-match@>=0.2.0 <0.3.0",
                  "resolved": "https://registry.npmjs.org/balanced-match/-/balanced-match-0.2.1.tgz"
                },
                "concat-map": {
                  "version": "0.0.1",
                  "from": "concat-map@0.0.1",
                  "resolved": "https://registry.npmjs.org/concat-map/-/concat-map-0.0.1.tgz"
                }
              }
            }
          }
        },
        "once": {
          "version": "1.3.2",
          "from": "once@>=1.3.0 <2.0.0",
          "resolved": "https://registry.npmjs.org/once/-/once-1.3.2.tgz",
          "dependencies": {
            "wrappy": {
              "version": "1.0.1",
              "from": "wrappy@>=1.0.0 <2.0.0",
              "resolved": "https://registry.npmjs.org/wrappy/-/wrappy-1.0.1.tgz"
            }
          }
        },
        "path-is-absolute": {
          "version": "1.0.0",
          "from": "path-is-absolute@>=1.0.0 <2.0.0",
          "resolved": "https://registry.npmjs.org/path-is-absolute/-/path-is-absolute-1.0.0.tgz"
        }
      }
    },
    "js-yaml": {
      "version": "2.1.3",
      "from": "js-yaml@>=2.1.0 <2.2.0",
      "resolved": "https://registry.npmjs.org/js-yaml/-/js-yaml-2.1.3.tgz",
      "dependencies": {
        "argparse": {
          "version": "0.1.16",
          "from": "argparse@>=0.1.11 <0.2.0",
          "resolved": "https://registry.npmjs.org/argparse/-/argparse-0.1.16.tgz",
          "dependencies": {
            "underscore": {
              "version": "1.7.0",
              "from": "underscore@>=1.7.0 <1.8.0",
              "resolved": "https://registry.npmjs.org/underscore/-/underscore-1.7.0.tgz"
            },
            "underscore.string": {
              "version": "2.4.0",
              "from": "underscore.string@>=2.4.0 <2.5.0",
              "resolved": "https://registry.npmjs.org/underscore.string/-/underscore.string-2.4.0.tgz"
            }
          }
        },
        "esprima": {
          "version": "1.0.4",
          "from": "esprima@>=1.0.2 <1.1.0",
          "resolved": "https://registry.npmjs.org/esprima/-/esprima-1.0.4.tgz"
        }
      }
    },
    "mime": {
      "version": "1.2.11",
      "from": "mime@>=1.2.0 <1.3.0",
      "resolved": "https://registry.npmjs.org/mime/-/mime-1.2.11.tgz"
    },
    "optimist": {
      "version": "0.6.1",
      "from": "optimist@0.6.1",
      "resolved": "https://registry.npmjs.org/optimist/-/optimist-0.6.1.tgz",
      "dependencies": {
        "wordwrap": {
          "version": "0.0.3",
          "from": "wordwrap@>=0.0.2 <0.1.0",
          "resolved": "https://registry.npmjs.org/wordwrap/-/wordwrap-0.0.3.tgz"
        },
        "minimist": {
          "version": "0.0.10",
          "from": "minimist@>=0.0.1 <0.1.0",
          "resolved": "https://registry.npmjs.org/minimist/-/minimist-0.0.10.tgz"
        }
      }
    },
    "socket.io": {
      "version": "0.9.17",
      "from": "socket.io@0.9.17",
      "resolved": "https://registry.npmjs.org/socket.io/-/socket.io-0.9.17.tgz",
      "dependencies": {
        "socket.io-client": {
          "version": "0.9.16",
          "from": "socket.io-client@0.9.16",
          "resolved": "https://registry.npmjs.org/socket.io-client/-/socket.io-client-0.9.16.tgz",
          "dependencies": {
            "uglify-js": {
              "version": "1.2.5",
              "from": "uglify-js@1.2.5",
              "resolved": "https://registry.npmjs.org/uglify-js/-/uglify-js-1.2.5.tgz"
            },
            "ws": {
              "version": "0.4.32",
              "from": "ws@>=0.4.0 <0.5.0",
              "resolved": "https://registry.npmjs.org/ws/-/ws-0.4.32.tgz",
              "dependencies": {
                "commander": {
                  "version": "2.1.0",
                  "from": "commander@>=2.1.0 <2.2.0",
                  "resolved": "https://registry.npmjs.org/commander/-/commander-2.1.0.tgz"
                },
                "nan": {
                  "version": "1.0.0",
                  "from": "nan@>=1.0.0 <1.1.0",
                  "resolved": "https://registry.npmjs.org/nan/-/nan-1.0.0.tgz"
                },
                "tinycolor": {
                  "version": "0.0.1",
                  "from": "tinycolor@>=0.0.0 <1.0.0",
                  "resolved": "https://registry.npmjs.org/tinycolor/-/tinycolor-0.0.1.tgz"
                },
                "options": {
                  "version": "0.0.6",
                  "from": "options@>=0.0.5",
                  "resolved": "https://registry.npmjs.org/options/-/options-0.0.6.tgz"
                }
              }
            },
            "xmlhttprequest": {
              "version": "1.4.2",
              "from": "xmlhttprequest@1.4.2",
              "resolved": "https://registry.npmjs.org/xmlhttprequest/-/xmlhttprequest-1.4.2.tgz"
            },
            "active-x-obfuscator": {
              "version": "0.0.1",
              "from": "active-x-obfuscator@0.0.1",
              "resolved": "https://registry.npmjs.org/active-x-obfuscator/-/active-x-obfuscator-0.0.1.tgz",
              "dependencies": {
                "zeparser": {
                  "version": "0.0.5",
                  "from": "zeparser@0.0.5",
                  "resolved": "https://registry.npmjs.org/zeparser/-/zeparser-0.0.5.tgz"
                }
              }
            }
          }
        },
        "policyfile": {
          "version": "0.0.4",
          "from": "policyfile@0.0.4",
          "resolved": "https://registry.npmjs.org/policyfile/-/policyfile-0.0.4.tgz"
        },
        "base64id": {
          "version": "0.1.0",
          "from": "base64id@0.1.0",
          "resolved": "https://registry.npmjs.org/base64id/-/base64id-0.1.0.tgz"
        },
        "redis": {
          "version": "0.7.3",
          "from": "redis@0.7.3",
          "resolved": "https://registry.npmjs.org/redis/-/redis-0.7.3.tgz"
        }
      }
    },
    "util": {
      "version": "0.10.3",
      "from": "util@0.10.3",
      "resolved": "http://registry.npmjs.org/util/-/util-0.10.3.tgz",
      "dependencies": {
        "inherits": {
          "version": "2.0.1",
          "from": "inherits@2.0.1",
          "resolved": "http://registry.npmjs.org/inherits/-/inherits-2.0.1.tgz"
        }
      }
    }
  }
}
